Microsoft Visual Studio Solution File, Format Version 12.00
# Visual Studio 15
VisualStudioVersion = 15.0.27130.0
MinimumVisualStudioVersion = 15.0.26124.0
Project("{6EC3EE1D-3C4E-46DD-8F32-0CC8E7565705}") = "many.App", "many.App\many.App.fsproj", "{4D864190-19F0-41E5-941B-C5EA8547181A}"
EndProject
Project("{F2A71F9B-5D33-465A-A702-920D77279786}") = "watch.App", "watch.App\watch.App.fsproj", "{C2AB7CA9-5063-499A-BE1F-F4BF4C1CC96A}"
EndProject
Project("{2150E333-8FDC-42A3-9474-1A3956D46DE8}") = ".build", ".build", "{CAD49974-28A4-46C9-961C-75469C2BD7AD}"
	ProjectSection(SolutionItems) = preProject
		..\paket.dependencies = ..\paket.dependencies
	EndProjectSection
EndProject
Project("{F2A71F9B-5D33-465A-A702-920D77279786}") = "shared.Lib", "shared.Lib\shared.Lib.fsproj", "{C853AFFE-6833-4DDD-9E94-AC6FCC210839}"
EndProject
Global
	GlobalSection(SolutionConfigurationPlatforms) = preSolution
		Debug|Any CPU = Debug|Any CPU
		Debug|x64 = Debug|x64
		Debug|x86 = Debug|x86
		Release|Any CPU = Release|Any CPU
		Release|x64 = Release|x64
		Release|x86 = Release|x86
	EndGlobalSection
	GlobalSection(ProjectConfigurationPlatforms) = postSolution
		{4D864190-19F0-41E5-941B-C5EA8547181A}.Debug|Any CPU.ActiveCfg = Debug|Any CPU
		{4D864190-19F0-41E5-941B-C5EA8547181A}.Debug|Any CPU.Build.0 = Debug|Any CPU
		{4D864190-19F0-41E5-941B-C5EA8547181A}.Debug|x64.ActiveCfg = Debug|Any CPU
		{4D864190-19F0-41E5-941B-C5EA8547181A}.Debug|x64.Build.0 = Debug|Any CPU
		{4D864190-19F0-41E5-941B-C5EA8547181A}.Debug|x86.ActiveCfg = Debug|Any CPU
		{4D864190-19F0-41E5-941B-C5EA8547181A}.Debug|x86.Build.0 = Debug|Any CPU
		{4D864190-19F0-41E5-941B-C5EA8547181A}.Release|Any CPU.ActiveCfg = Release|Any CPU
		{4D864190-19F0-41E5-941B-C5EA8547181A}.Release|Any CPU.Build.0 = Release|Any CPU
		{4D864190-19F0-41E5-941B-C5EA8547181A}.Release|x64.ActiveCfg = Release|Any CPU
		{4D864190-19F0-41E5-941B-C5EA8547181A}.Release|x64.Build.0 = Release|Any CPU
		{4D864190-19F0-41E5-941B-C5EA8547181A}.Release|x86.ActiveCfg = Release|Any CPU
		{4D864190-19F0-41E5-941B-C5EA8547181A}.Release|x86.Build.0 = Release|Any CPU
		{C2AB7CA9-5063-499A-BE1F-F4BF4C1CC96A}.Debug|Any CPU.ActiveCfg = Debug|Any CPU
		{C2AB7CA9-5063-499A-BE1F-F4BF4C1CC96A}.Debug|Any CPU.Build.0 = Debug|Any CPU
		{C2AB7CA9-5063-499A-BE1F-F4BF4C1CC96A}.Debug|x64.ActiveCfg = Debug|Any CPU
		{C2AB7CA9-5063-499A-BE1F-F4BF4C1CC96A}.Debug|x64.Build.0 = Debug|Any CPU
		{C2AB7CA9-5063-499A-BE1F-F4BF4C1CC96A}.Debug|x86.ActiveCfg = Debug|Any CPU
		{C2AB7CA9-5063-499A-BE1F-F4BF4C1CC96A}.Debug|x86.Build.0 = Debug|Any CPU
		{C2AB7CA9-5063-499A-BE1F-F4BF4C1CC96A}.Release|Any CPU.ActiveCfg = Release|Any CPU
		{C2AB7CA9-5063-499A-BE1F-F4BF4C1CC96A}.Release|Any CPU.Build.0 = Release|Any CPU
		{C2AB7CA9-5063-499A-BE1F-F4BF4C1CC96A}.Release|x64.ActiveCfg = Release|Any CPU
		{C2AB7CA9-5063-499A-BE1F-F4BF4C1CC96A}.Release|x64.Build.0 = Release|Any CPU
		{C2AB7CA9-5063-499A-BE1F-F4BF4C1CC96A}.Release|x86.ActiveCfg = Release|Any CPU
		{C2AB7CA9-5063-499A-BE1F-F4BF4C1CC96A}.Release|x86.Build.0 = Release|Any CPU
		{C853AFFE-6833-4DDD-9E94-AC6FCC210839}.Debug|Any CPU.ActiveCfg = Debug|Any CPU
		{C853AFFE-6833-4DDD-9E94-AC6FCC210839}.Debug|Any CPU.Build.0 = Debug|Any CPU
		{C853AFFE-6833-4DDD-9E94-AC6FCC210839}.Debug|x64.ActiveCfg = Debug|Any CPU
		{C853AFFE-6833-4DDD-9E94-AC6FCC210839}.Debug|x64.Build.0 = Debug|Any CPU
		{C853AFFE-6833-4DDD-9E94-AC6FCC210839}.Debug|x86.ActiveCfg = Debug|Any CPU
		{C853AFFE-6833-4DDD-9E94-AC6FCC210839}.Debug|x86.Build.0 = Debug|Any CPU
		{C853AFFE-6833-4DDD-9E94-AC6FCC210839}.Release|Any CPU.ActiveCfg = Release|Any CPU
		{C853AFFE-6833-4DDD-9E94-AC6FCC210839}.Release|Any CPU.Build.0 = Release|Any CPU
		{C853AFFE-6833-4DDD-9E94-AC6FCC210839}.Release|x64.ActiveCfg = Release|Any CPU
		{C853AFFE-6833-4DDD-9E94-AC6FCC210839}.Release|x64.Build.0 = Release|Any CPU
		{C853AFFE-6833-4DDD-9E94-AC6FCC210839}.Release|x86.ActiveCfg = Release|Any CPU
		{C853AFFE-6833-4DDD-9E94-AC6FCC210839}.Release|x86.Build.0 = Release|Any CPU
	EndGlobalSection
	GlobalSection(SolutionProperties) = preSolution
		HideSolutionNode = FALSE
	EndGlobalSection
	GlobalSection(ExtensibilityGlobals) = postSolution
		SolutionGuid = {E5B86A58-7CA1-499E-8D0D-FDEBD4055A5C}
	EndGlobalSection
EndGlobal
